
Microsoft Visual Studio Solution File, Format Version 12.00
# Visual Studio Version 17
VisualStudioVersion = 17.14.36414.22
MinimumVisualStudioVersion = 10.0.40219.1
Project("{FAE04EC0-301F-11D3-BF4B-00C04F79EFBC}") = "wsPLD 8", "wsPLD 8\wsPLD 8.csproj", "{31721238-04A1-C456-FE27-63425DD5E5E8}"
EndProject
Project("{FAE04EC0-301F-11D3-BF4B-00C04F79EFBC}") = "waPLD 8", "waPLD 8\waPLD 8.csproj", "{6FBF6585-F8FA-44CA-BBF3-F13A82A6CEA8}"
EndProject
Global
	GlobalSection(SolutionConfigurationPlatforms) = preSolution
		Debug|Any CPU = Debug|Any CPU
		Release|Any CPU = Release|Any CPU
	EndGlobalSection
	GlobalSection(ProjectConfigurationPlatforms) = postSolution
		{31721238-04A1-C456-FE27-63425DD5E5E8}.Debug|Any CPU.ActiveCfg = Debug|Any CPU
		{31721238-04A1-C456-FE27-63425DD5E5E8}.Debug|Any CPU.Build.0 = Debug|Any CPU
		{31721238-04A1-C456-FE27-63425DD5E5E8}.Release|Any CPU.ActiveCfg = Release|Any CPU
		{31721238-04A1-C456-FE27-63425DD5E5E8}.Release|Any CPU.Build.0 = Release|Any CPU
		{6FBF6585-F8FA-44CA-BBF3-F13A82A6CEA8}.Debug|Any CPU.ActiveCfg = Debug|Any CPU
		{6FBF6585-F8FA-44CA-BBF3-F13A82A6CEA8}.Debug|Any CPU.Build.0 = Debug|Any CPU
		{6FBF6585-F8FA-44CA-BBF3-F13A82A6CEA8}.Release|Any CPU.ActiveCfg = Release|Any CPU
		{6FBF6585-F8FA-44CA-BBF3-F13A82A6CEA8}.Release|Any CPU.Build.0 = Release|Any CPU
	EndGlobalSection
	GlobalSection(SolutionProperties) = preSolution
		HideSolutionNode = FALSE
	EndGlobalSection
	GlobalSection(ExtensibilityGlobals) = postSolution
		SolutionGuid = {06336877-46C5-42D9-B262-3932C9ABAA15}
	EndGlobalSection
EndGlobal
